
Microsoft Visual Studio Solution File, Format Version 12.00
# Visual Studio 2017
Project("{FAE04EC0-301F-11D3-BF4B-00C04F79EFBC}") = "sabe2ny we asab2ak.Plugins", "sabe2ny we asab2ak.Plugins.csproj", "{4E2CF290-0288-8443-DB64-7338AB3EC2E9}"
EndProject
Project("{FAE04EC0-301F-11D3-BF4B-00C04F79EFBC}") = "sabe2ny we asab2ak", "sabe2ny we asab2ak.csproj", "{D580F472-5315-A7B5-672D-14602F4B37CD}"
EndProject
Project("{FAE04EC0-301F-11D3-BF4B-00C04F79EFBC}") = "sabe2ny we asab2ak.Editor.Plugins", "sabe2ny we asab2ak.Editor.Plugins.csproj", "{672FF48E-67F2-DD40-F7EE-3C3C542284E7}"
EndProject
Global
	GlobalSection(SolutionConfigurationPlatforms) = preSolution
		Debug|Any CPU = Debug|Any CPU
		Release|Any CPU = Release|Any CPU
	EndGlobalSection
	GlobalSection(ProjectConfigurationPlatforms) = postSolution
		{4E2CF290-0288-8443-DB64-7338AB3EC2E9}.Debug|Any CPU.ActiveCfg = Debug|Any CPU
		{4E2CF290-0288-8443-DB64-7338AB3EC2E9}.Debug|Any CPU.Build.0 = Debug|Any CPU
		{4E2CF290-0288-8443-DB64-7338AB3EC2E9}.Release|Any CPU.ActiveCfg = Release|Any CPU
		{4E2CF290-0288-8443-DB64-7338AB3EC2E9}.Release|Any CPU.Build.0 = Release|Any CPU
		{D580F472-5315-A7B5-672D-14602F4B37CD}.Debug|Any CPU.ActiveCfg = Debug|Any CPU
		{D580F472-5315-A7B5-672D-14602F4B37CD}.Debug|Any CPU.Build.0 = Debug|Any CPU
		{D580F472-5315-A7B5-672D-14602F4B37CD}.Release|Any CPU.ActiveCfg = Release|Any CPU
		{D580F472-5315-A7B5-672D-14602F4B37CD}.Release|Any CPU.Build.0 = Release|Any CPU
		{672FF48E-67F2-DD40-F7EE-3C3C542284E7}.Debug|Any CPU.ActiveCfg = Debug|Any CPU
		{672FF48E-67F2-DD40-F7EE-3C3C542284E7}.Debug|Any CPU.Build.0 = Debug|Any CPU
		{672FF48E-67F2-DD40-F7EE-3C3C542284E7}.Release|Any CPU.ActiveCfg = Release|Any CPU
		{672FF48E-67F2-DD40-F7EE-3C3C542284E7}.Release|Any CPU.Build.0 = Release|Any CPU
	EndGlobalSection
	GlobalSection(SolutionProperties) = preSolution
		HideSolutionNode = FALSE
	EndGlobalSection
EndGlobal
